
Microsoft Visual Studio Solution File, Format Version 12.00
# Visual Studio Version 17
VisualStudioVersion = 17.6.33723.286
MinimumVisualStudioVersion = 10.0.40219.1
Project("{9A19103F-16F7-4668-BE54-9A1E7A4F7556}") = "LTHDotNetCore.ConsoleApp", "LTHDotNetCore.ConsoleApp\LTHDotNetCore.ConsoleApp.csproj", "{092FB85C-14FE-4218-A3BC-911DDD1F52A6}"
EndProject
Project("{9A19103F-16F7-4668-BE54-9A1E7A4F7556}") = "LTHDotNetCore.RestApi", "LTHDotNetCore.RestApi\LTHDotNetCore.RestApi.csproj", "{B6C59561-6425-4CED-BE31-06FE53A38C46}"
EndProject
Project("{9A19103F-16F7-4668-BE54-9A1E7A4F7556}") = "LTHDotNetCore.AtmConsoleApp", "LTHDotNetCore.AtmConsoleApp\LTHDotNetCore.AtmConsoleApp.csproj", "{0EFE3C13-458A-4F74-8EEE-7FE1617991BB}"
EndProject
Project("{9A19103F-16F7-4668-BE54-9A1E7A4F7556}") = "LTHDotNetCoreMvcApp", "LTHDotNetCoreMvcApp\LTHDotNetCoreMvcApp.csproj", "{3800CF32-BE29-45CC-975F-41C2DB317A60}"
EndProject
Project("{9A19103F-16F7-4668-BE54-9A1E7A4F7556}") = "LTHDotNetCore.MinimalApi", "LTHDotNetCore.MinimalApi\LTHDotNetCore.MinimalApi.csproj", "{B477A2F4-FB7E-402F-86A5-862E73542A36}"
EndProject
Project("{9A19103F-16F7-4668-BE54-9A1E7A4F7556}") = "LTHDotNetCore.RealtimeChartUsingSignalR", "LTHDotNetCore.RealtimeChartUsingSignalR\LTHDotNetCore.RealtimeChartUsingSignalR.csproj", "{4B86F44F-8D41-4A94-B9BE-5FBE27718824}"
EndProject
Project("{9A19103F-16F7-4668-BE54-9A1E7A4F7556}") = "LTHDotNetCore.Services", "LTHDotNetCore.Services\LTHDotNetCore.Services.csproj", "{4FB62566-B992-4BEE-A1E1-F25A62D637D5}"
EndProject
Project("{9A19103F-16F7-4668-BE54-9A1E7A4F7556}") = "LTHDotNetCore.ThemeApp", "LTHDotNetCore.ThemeApp\LTHDotNetCore.ThemeApp.csproj", "{19C361F6-1A06-4741-BBF5-96CF4111BB23}"
EndProject
Project("{9A19103F-16F7-4668-BE54-9A1E7A4F7556}") = "LTHDotNetCore.BlazarWasm", "LTHDotNetCore.BlazarWasm\LTHDotNetCore.BlazarWasm.csproj", "{A53C4501-040C-40C8-A016-2DE712BB253E}"
EndProject
Project("{9A19103F-16F7-4668-BE54-9A1E7A4F7556}") = "LTHDotNetCore.Models", "LTHDotNetCore.Models\LTHDotNetCore.Models.csproj", "{697EDAC7-6240-4F31-9486-BDBC02FA0E86}"
EndProject
Global
	GlobalSection(SolutionConfigurationPlatforms) = preSolution
		Debug|Any CPU = Debug|Any CPU
		Release|Any CPU = Release|Any CPU
	EndGlobalSection
	GlobalSection(ProjectConfigurationPlatforms) = postSolution
		{092FB85C-14FE-4218-A3BC-911DDD1F52A6}.Debug|Any CPU.ActiveCfg = Debug|Any CPU
		{092FB85C-14FE-4218-A3BC-911DDD1F52A6}.Debug|Any CPU.Build.0 = Debug|Any CPU
		{092FB85C-14FE-4218-A3BC-911DDD1F52A6}.Release|Any CPU.ActiveCfg = Release|Any CPU
		{092FB85C-14FE-4218-A3BC-911DDD1F52A6}.Release|Any CPU.Build.0 = Release|Any CPU
		{B6C59561-6425-4CED-BE31-06FE53A38C46}.Debug|Any CPU.ActiveCfg = Debug|Any CPU
		{B6C59561-6425-4CED-BE31-06FE53A38C46}.Debug|Any CPU.Build.0 = Debug|Any CPU
		{B6C59561-6425-4CED-BE31-06FE53A38C46}.Release|Any CPU.ActiveCfg = Release|Any CPU
		{B6C59561-6425-4CED-BE31-06FE53A38C46}.Release|Any CPU.Build.0 = Release|Any CPU
		{0EFE3C13-458A-4F74-8EEE-7FE1617991BB}.Debug|Any CPU.ActiveCfg = Debug|Any CPU
		{0EFE3C13-458A-4F74-8EEE-7FE1617991BB}.Debug|Any CPU.Build.0 = Debug|Any CPU
		{0EFE3C13-458A-4F74-8EEE-7FE1617991BB}.Release|Any CPU.ActiveCfg = Release|Any CPU
		{0EFE3C13-458A-4F74-8EEE-7FE1617991BB}.Release|Any CPU.Build.0 = Release|Any CPU
		{3800CF32-BE29-45CC-975F-41C2DB317A60}.Debug|Any CPU.ActiveCfg = Debug|Any CPU
		{3800CF32-BE29-45CC-975F-41C2DB317A60}.Debug|Any CPU.Build.0 = Debug|Any CPU
		{3800CF32-BE29-45CC-975F-41C2DB317A60}.Release|Any CPU.ActiveCfg = Release|Any CPU
		{3800CF32-BE29-45CC-975F-41C2DB317A60}.Release|Any CPU.Build.0 = Release|Any CPU
		{B477A2F4-FB7E-402F-86A5-862E73542A36}.Debug|Any CPU.ActiveCfg = Debug|Any CPU
		{B477A2F4-FB7E-402F-86A5-862E73542A36}.Debug|Any CPU.Build.0 = Debug|Any CPU
		{B477A2F4-FB7E-402F-86A5-862E73542A36}.Release|Any CPU.ActiveCfg = Release|Any CPU
		{B477A2F4-FB7E-402F-86A5-862E73542A36}.Release|Any CPU.Build.0 = Release|Any CPU
		{4B86F44F-8D41-4A94-B9BE-5FBE27718824}.Debug|Any CPU.ActiveCfg = Debug|Any CPU
		{4B86F44F-8D41-4A94-B9BE-5FBE27718824}.Debug|Any CPU.Build.0 = Debug|Any CPU
		{4B86F44F-8D41-4A94-B9BE-5FBE27718824}.Release|Any CPU.ActiveCfg = Release|Any CPU
		{4B86F44F-8D41-4A94-B9BE-5FBE27718824}.Release|Any CPU.Build.0 = Release|Any CPU
		{4FB62566-B992-4BEE-A1E1-F25A62D637D5}.Debug|Any CPU.ActiveCfg = Debug|Any CPU
		{4FB62566-B992-4BEE-A1E1-F25A62D637D5}.Debug|Any CPU.Build.0 = Debug|Any CPU
		{4FB62566-B992-4BEE-A1E1-F25A62D637D5}.Release|Any CPU.ActiveCfg = Release|Any CPU
		{4FB62566-B992-4BEE-A1E1-F25A62D637D5}.Release|Any CPU.Build.0 = Release|Any CPU
		{19C361F6-1A06-4741-BBF5-96CF4111BB23}.Debug|Any CPU.ActiveCfg = Debug|Any CPU
		{19C361F6-1A06-4741-BBF5-96CF4111BB23}.Debug|Any CPU.Build.0 = Debug|Any CPU
		{19C361F6-1A06-4741-BBF5-96CF4111BB23}.Release|Any CPU.ActiveCfg = Release|Any CPU
		{19C361F6-1A06-4741-BBF5-96CF4111BB23}.Release|Any CPU.Build.0 = Release|Any CPU
		{A53C4501-040C-40C8-A016-2DE712BB253E}.Debug|Any CPU.ActiveCfg = Debug|Any CPU
		{A53C4501-040C-40C8-A016-2DE712BB253E}.Debug|Any CPU.Build.0 = Debug|Any CPU
		{A53C4501-040C-40C8-A016-2DE712BB253E}.Release|Any CPU.ActiveCfg = Release|Any CPU
		{A53C4501-040C-40C8-A016-2DE712BB253E}.Release|Any CPU.Build.0 = Release|Any CPU
		{697EDAC7-6240-4F31-9486-BDBC02FA0E86}.Debug|Any CPU.ActiveCfg = Debug|Any CPU
		{697EDAC7-6240-4F31-9486-BDBC02FA0E86}.Debug|Any CPU.Build.0 = Debug|Any CPU
		{697EDAC7-6240-4F31-9486-BDBC02FA0E86}.Release|Any CPU.ActiveCfg = Release|Any CPU
		{697EDAC7-6240-4F31-9486-BDBC02FA0E86}.Release|Any CPU.Build.0 = Release|Any CPU
	EndGlobalSection
	GlobalSection(SolutionProperties) = preSolution
		HideSolutionNode = FALSE
	EndGlobalSection
	GlobalSection(ExtensibilityGlobals) = postSolution
		SolutionGuid = {0EF35FF1-43E7-4A1A-9B5A-27221732A411}
	EndGlobalSection
EndGlobal
